
Microsoft Visual Studio Solution File, Format Version 12.00
# Visual Studio Version 16
VisualStudioVersion = 16.0.32413.511
MinimumVisualStudioVersion = 10.0.40219.1
Project("{FAE04EC0-301F-11D3-BF4B-00C04F79EFBC}") = "NETDhanya", "NETDhanya\NETDhanya.csproj", "{73335ED5-A7DE-49AD-86B6-635F21040A54}"
EndProject
Global
	GlobalSection(SolutionConfigurationPlatforms) = preSolution
		Debug|Any CPU = Debug|Any CPU
		Release|Any CPU = Release|Any CPU
	EndGlobalSection
	GlobalSection(ProjectConfigurationPlatforms) = postSolution
		{73335ED5-A7DE-49AD-86B6-635F21040A54}.Debug|Any CPU.ActiveCfg = Debug|Any CPU
		{73335ED5-A7DE-49AD-86B6-635F21040A54}.Debug|Any CPU.Build.0 = Debug|Any CPU
		{73335ED5-A7DE-49AD-86B6-635F21040A54}.Release|Any CPU.ActiveCfg = Release|Any CPU
		{73335ED5-A7DE-49AD-86B6-635F21040A54}.Release|Any CPU.Build.0 = Release|Any CPU
	EndGlobalSection
	GlobalSection(SolutionProperties) = preSolution
		HideSolutionNode = FALSE
	EndGlobalSection
	GlobalSection(ExtensibilityGlobals) = postSolution
		SolutionGuid = {8B3AD801-8C13-41ED-895D-E059AD7DF6A3}
	EndGlobalSection
EndGlobal
